
Microsoft Visual Studio Solution File, Format Version 11.00
# Visual Studio 2010
Project("{8BC9CEB8-8B4A-11D0-8D11-00A0C91BC942}") = "My Tetris", "My Tetris\My Tetris.vcxproj", "{C734BE68-7D34-4A84-A6F7-E06809AC1469}"
EndProject
Global
	GlobalSection(SolutionConfigurationPlatforms) = preSolution
		Debug|Win32 = Debug|Win32
		Release|Win32 = Release|Win32
	EndGlobalSection
	GlobalSection(ProjectConfigurationPlatforms) = postSolution
		{C734BE68-7D34-4A84-A6F7-E06809AC1469}.Debug|Win32.ActiveCfg = Debug|Win32
		{C734BE68-7D34-4A84-A6F7-E06809AC1469}.Debug|Win32.Build.0 = Debug|Win32
		{C734BE68-7D34-4A84-A6F7-E06809AC1469}.Release|Win32.ActiveCfg = Release|Win32
		{C734BE68-7D34-4A84-A6F7-E06809AC1469}.Release|Win32.Build.0 = Release|Win32
	EndGlobalSection
	GlobalSection(SolutionProperties) = preSolution
		HideSolutionNode = FALSE
	EndGlobalSection
EndGlobal
